// !$*UTF8*$!
{
	archiveVersion = 1;
	classes = {
	};
	objectVersion = 50;
	objects = {

/* Begin PBXBuildFile section */
		077854C20F12880759DB9923 /* Pods_Interactibook.framework in Frameworks */ = {isa = PBXBuildFile; fileRef = E6634C8C47F272841633787F /* Pods_Interactibook.framework */; };
		118C2F223C745BC603714C52 /* Pods_InteractibookTests.framework in Frameworks */ = {isa = PBXBuildFile; fileRef = C0DB2374BBBC594043AA2A01 /* Pods_InteractibookTests.framework */; };
		2C9141C6ED0EFE21124B02A1 /* Pods_InteractibookUITests.framework in Frameworks */ = {isa = PBXBuildFile; fileRef = CF74447225468546E0F28BFF /* Pods_InteractibookUITests.framework */; };
		5E0921D2218433B20080C924 /* AppDelegate.swift in Sources */ = {isa = PBXBuildFile; fileRef = 5E0921D1218433B20080C924 /* AppDelegate.swift */; };
		5E0921D4218433B20080C924 /* ViewController.swift in Sources */ = {isa = PBXBuildFile; fileRef = 5E0921D3218433B20080C924 /* ViewController.swift */; };
		5E0921D7218433B20080C924 /* Main.storyboard in Resources */ = {isa = PBXBuildFile; fileRef = 5E0921D5218433B20080C924 /* Main.storyboard */; };
		5E0921D9218433B30080C924 /* Assets.xcassets in Resources */ = {isa = PBXBuildFile; fileRef = 5E0921D8218433B30080C924 /* Assets.xcassets */; };
		5E0921DC218433B30080C924 /* LaunchScreen.storyboard in Resources */ = {isa = PBXBuildFile; fileRef = 5E0921DA218433B30080C924 /* LaunchScreen.storyboard */; };
		5E0921E7218433B30080C924 /* InteractibookTests.swift in Sources */ = {isa = PBXBuildFile; fileRef = 5E0921E6218433B30080C924 /* InteractibookTests.swift */; };
		5E0921F2218433B30080C924 /* InteractibookUITests.swift in Sources */ = {isa = PBXBuildFile; fileRef = 5E0921F1218433B30080C924 /* InteractibookUITests.swift */; };
		5E092200218437AA0080C924 /* StoryViewController.swift in Sources */ = {isa = PBXBuildFile; fileRef = 5E0921FF218437AA0080C924 /* StoryViewController.swift */; };
		5E0922042184389C0080C924 /* TitleScene.swift in Sources */ = {isa = PBXBuildFile; fileRef = 5E0922032184389C0080C924 /* TitleScene.swift */; };
		5E09221121843B800080C924 /* kusa2.png in Resources */ = {isa = PBXBuildFile; fileRef = 5E09220521843B800080C924 /* kusa2.png */; };
		5E09221221843B800080C924 /* kusa1.png in Resources */ = {isa = PBXBuildFile; fileRef = 5E09220621843B800080C924 /* kusa1.png */; };
		5E09221321843B800080C924 /* haikei2.jpg in Resources */ = {isa = PBXBuildFile; fileRef = 5E09220721843B800080C924 /* haikei2.jpg */; };
		5E09221421843B800080C924 /* kusa3.png in Resources */ = {isa = PBXBuildFile; fileRef = 5E09220821843B800080C924 /* kusa3.png */; };
		5E09221521843B800080C924 /* taiyou.png in Resources */ = {isa = PBXBuildFile; fileRef = 5E09220921843B800080C924 /* taiyou.png */; };
		5E09221621843B800080C924 /* man_title.png in Resources */ = {isa = PBXBuildFile; fileRef = 5E09220A21843B800080C924 /* man_title.png */; };
		5E09221721843B800080C924 /* haikei1.png in Resources */ = {isa = PBXBuildFile; fileRef = 5E09220B21843B800080C924 /* haikei1.png */; };
		5E09221821843B800080C924 /* cloud.mp3 in Resources */ = {isa = PBXBuildFile; fileRef = 5E09220C21843B800080C924 /* cloud.mp3 */; };
		5E09221921843B800080C924 /* title.mp3 in Resources */ = {isa = PBXBuildFile; fileRef = 5E09220D21843B800080C924 /* title.mp3 */; };
		5E09221A21843B800080C924 /* cloud.png in Resources */ = {isa = PBXBuildFile; fileRef = 5E09220E21843B800080C924 /* cloud.png */; };
		5E09221B21843B800080C924 /* title.png in Resources */ = {isa = PBXBuildFile; fileRef = 5E09220F21843B800080C924 /* title.png */; };
		5E09221C21843B800080C924 /* wind.mp3 in Resources */ = {isa = PBXBuildFile; fileRef = 5E09221021843B800080C924 /* wind.mp3 */; };
		5E09221E21843C050080C924 /* next.png in Resources */ = {isa = PBXBuildFile; fileRef = 5E09221D21843C050080C924 /* next.png */; };
		5E092228218441AC0080C924 /* WindSunScene.swift in Sources */ = {isa = PBXBuildFile; fileRef = 5E092227218441AC0080C924 /* WindSunScene.swift */; };
		5E09222A218441B90080C924 /* WindScene.swift in Sources */ = {isa = PBXBuildFile; fileRef = 5E092229218441B90080C924 /* WindScene.swift */; };
		5E09222C218441C50080C924 /* SunScene.swift in Sources */ = {isa = PBXBuildFile; fileRef = 5E09222B218441C50080C924 /* SunScene.swift */; };
		5E09222E218441D20080C924 /* EndScene.swift in Sources */ = {isa = PBXBuildFile; fileRef = 5E09222D218441D20080C924 /* EndScene.swift */; };
		5E092233218442A70080C924 /* man_coat.png in Resources */ = {isa = PBXBuildFile; fileRef = 5E09222F218442A70080C924 /* man_coat.png */; };
		5E092234218442A70080C924 /* hot.png in Resources */ = {isa = PBXBuildFile; fileRef = 5E092230218442A70080C924 /* hot.png */; };
		5E092235218442A70080C924 /* man_stand.png in Resources */ = {isa = PBXBuildFile; fileRef = 5E092231218442A70080C924 /* man_stand.png */; };
		5E092236218442A70080C924 /* cold.png in Resources */ = {isa = PBXBuildFile; fileRef = 5E092232218442A70080C924 /* cold.png */; };
		5E092239218442EA0080C924 /* shine1.mp3 in Resources */ = {isa = PBXBuildFile; fileRef = 5E092237218442EA0080C924 /* shine1.mp3 */; };
		5E09223A218442EA0080C924 /* flower.png in Resources */ = {isa = PBXBuildFile; fileRef = 5E092238218442EA0080C924 /* flower.png */; };
		5E09223D218444130080C924 /* flowerparticle.sks in Resources */ = {isa = PBXBuildFile; fileRef = 5E09223B218444130080C924 /* flowerparticle.sks */; };
		5E09223E218444130080C924 /* Assets.xcassets in Resources */ = {isa = PBXBuildFile; fileRef = 5E09223C218444130080C924 /* Assets.xcassets */; };
		5E09224021844A5B0080C924 /* GoogleService-Info.plist in Resources */ = {isa = PBXBuildFile; fileRef = 5E09223F21844A5B0080C924 /* GoogleService-Info.plist */; };
		875C2AC221847A6F008EDC67 /* Singleton.swift in Sources */ = {isa = PBXBuildFile; fileRef = 875C2AC121847A6F008EDC67 /* Singleton.swift */; };
/* End PBXBuildFile section */

/* Begin PBXContainerItemProxy section */
		5E0921E3218433B30080C924 /* PBXContainerItemProxy */ = {
			isa = PBXContainerItemProxy;
			containerPortal = 5E0921C6218433B20080C924 /* Project object */;
			proxyType = 1;
			remoteGlobalIDString = 5E0921CD218433B20080C924;
			remoteInfo = Interactibook;
		};
		5E0921EE218433B30080C924 /* PBXContainerItemProxy */ = {
			isa = PBXContainerItemProxy;
			containerPortal = 5E0921C6218433B20080C924 /* Project object */;
			proxyType = 1;
			remoteGlobalIDString = 5E0921CD218433B20080C924;
			remoteInfo = Interactibook;
		};
/* End PBXContainerItemProxy section */

/* Begin PBXFileReference section */
		34525ADA8EA44D2ADDE118D4 /* Pods-InteractibookTests.release.xcconfig */ = {isa = PBXFileReference; includeInIndex = 1; lastKnownFileType = text.xcconfig; name = "Pods-InteractibookTests.release.xcconfig"; path = "Pods/Target Support Files/Pods-InteractibookTests/Pods-InteractibookTests.release.xcconfig"; sourceTree = "<group>"; };
		5E0921CE218433B20080C924 /* Interactibook.app */ = {isa = PBXFileReference; explicitFileType = wrapper.application; includeInIndex = 0; path = Interactibook.app; sourceTree = BUILT_PRODUCTS_DIR; };
		5E0921D1218433B20080C924 /* AppDelegate.swift */ = {isa = PBXFileReference; lastKnownFileType = sourcecode.swift; path = AppDelegate.swift; sourceTree = "<group>"; };
		5E0921D3218433B20080C924 /* ViewController.swift */ = {isa = PBXFileReference; lastKnownFileType = sourcecode.swift; path = ViewController.swift; sourceTree = "<group>"; };
		5E0921D6218433B20080C924 /* Base */ = {isa = PBXFileReference; lastKnownFileType = file.storyboard; name = Base; path = Base.lproj/Main.storyboard; sourceTree = "<group>"; };
		5E0921D8218433B30080C924 /* Assets.xcassets */ = {isa = PBXFileReference; lastKnownFileType = folder.assetcatalog; path = Assets.xcassets; sourceTree = "<group>"; };
		5E0921DB218433B30080C924 /* Base */ = {isa = PBXFileReference; lastKnownFileType = file.storyboard; name = Base; path = Base.lproj/LaunchScreen.storyboard; sourceTree = "<group>"; };
		5E0921DD218433B30080C924 /* Info.plist */ = {isa = PBXFileReference; lastKnownFileType = text.plist.xml; path = Info.plist; sourceTree = "<group>"; };
		5E0921E2218433B30080C924 /* InteractibookTests.xctest */ = {isa = PBXFileReference; explicitFileType = wrapper.cfbundle; includeInIndex = 0; path = InteractibookTests.xctest; sourceTree = BUILT_PRODUCTS_DIR; };
		5E0921E6218433B30080C924 /* InteractibookTests.swift */ = {isa = PBXFileReference; lastKnownFileType = sourcecode.swift; path = InteractibookTests.swift; sourceTree = "<group>"; };
		5E0921E8218433B30080C924 /* Info.plist */ = {isa = PBXFileReference; lastKnownFileType = text.plist.xml; path = Info.plist; sourceTree = "<group>"; };
		5E0921ED218433B30080C924 /* InteractibookUITests.xctest */ = {isa = PBXFileReference; explicitFileType = wrapper.cfbundle; includeInIndex = 0; path = InteractibookUITests.xctest; sourceTree = BUILT_PRODUCTS_DIR; };
		5E0921F1218433B30080C924 /* InteractibookUITests.swift */ = {isa = PBXFileReference; lastKnownFileType = sourcecode.swift; path = InteractibookUITests.swift; sourceTree = "<group>"; };
		5E0921F3218433B30080C924 /* Info.plist */ = {isa = PBXFileReference; lastKnownFileType = text.plist.xml; path = Info.plist; sourceTree = "<group>"; };
		5E0921FF218437AA0080C924 /* StoryViewController.swift */ = {isa = PBXFileReference; lastKnownFileType = sourcecode.swift; path = StoryViewController.swift; sourceTree = "<group>"; };
		5E0922032184389C0080C924 /* TitleScene.swift */ = {isa = PBXFileReference; lastKnownFileType = sourcecode.swift; path = TitleScene.swift; sourceTree = "<group>"; };
		5E09220521843B800080C924 /* kusa2.png */ = {isa = PBXFileReference; lastKnownFileType = image.png; path = kusa2.png; sourceTree = "<group>"; };
		5E09220621843B800080C924 /* kusa1.png */ = {isa = PBXFileReference; lastKnownFileType = image.png; path = kusa1.png; sourceTree = "<group>"; };
		5E09220721843B800080C924 /* haikei2.jpg */ = {isa = PBXFileReference; lastKnownFileType = image.jpeg; path = haikei2.jpg; sourceTree = "<group>"; };
		5E09220821843B800080C924 /* kusa3.png */ = {isa = PBXFileReference; lastKnownFileType = image.png; path = kusa3.png; sourceTree = "<group>"; };
		5E09220921843B800080C924 /* taiyou.png */ = {isa = PBXFileReference; lastKnownFileType = image.png; path = taiyou.png; sourceTree = "<group>"; };
		5E09220A21843B800080C924 /* man_title.png */ = {isa = PBXFileReference; lastKnownFileType = image.png; path = man_title.png; sourceTree = "<group>"; };
		5E09220B21843B800080C924 /* haikei1.png */ = {isa = PBXFileReference; lastKnownFileType = image.png; path = haikei1.png; sourceTree = "<group>"; };
		5E09220C21843B800080C924 /* cloud.mp3 */ = {isa = PBXFileReference; lastKnownFileType = audio.mp3; path = cloud.mp3; sourceTree = "<group>"; };
		5E09220D21843B800080C924 /* title.mp3 */ = {isa = PBXFileReference; lastKnownFileType = audio.mp3; path = title.mp3; sourceTree = "<group>"; };
		5E09220E21843B800080C924 /* cloud.png */ = {isa = PBXFileReference; lastKnownFileType = image.png; path = cloud.png; sourceTree = "<group>"; };
		5E09220F21843B800080C924 /* title.png */ = {isa = PBXFileReference; lastKnownFileType = image.png; path = title.png; sourceTree = "<group>"; };
		5E09221021843B800080C924 /* wind.mp3 */ = {isa = PBXFileReference; lastKnownFileType = audio.mp3; path = wind.mp3; sourceTree = "<group>"; };
		5E09221D21843C050080C924 /* next.png */ = {isa = PBXFileReference; lastKnownFileType = image.png; path = next.png; sourceTree = "<group>"; };
		5E092227218441AC0080C924 /* WindSunScene.swift */ = {isa = PBXFileReference; lastKnownFileType = sourcecode.swift; path = WindSunScene.swift; sourceTree = "<group>"; };
		5E092229218441B90080C924 /* WindScene.swift */ = {isa = PBXFileReference; lastKnownFileType = sourcecode.swift; path = WindScene.swift; sourceTree = "<group>"; };
		5E09222B218441C50080C924 /* SunScene.swift */ = {isa = PBXFileReference; lastKnownFileType = sourcecode.swift; path = SunScene.swift; sourceTree = "<group>"; };
		5E09222D218441D20080C924 /* EndScene.swift */ = {isa = PBXFileReference; lastKnownFileType = sourcecode.swift; path = EndScene.swift; sourceTree = "<group>"; };
		5E09222F218442A70080C924 /* man_coat.png */ = {isa = PBXFileReference; lastKnownFileType = image.png; path = man_coat.png; sourceTree = "<group>"; };
		5E092230218442A70080C924 /* hot.png */ = {isa = PBXFileReference; lastKnownFileType = image.png; path = hot.png; sourceTree = "<group>"; };
		5E092231218442A70080C924 /* man_stand.png */ = {isa = PBXFileReference; lastKnownFileType = image.png; path = man_stand.png; sourceTree = "<group>"; };
		5E092232218442A70080C924 /* cold.png */ = {isa = PBXFileReference; lastKnownFileType = image.png; path = cold.png; sourceTree = "<group>"; };
		5E092237218442EA0080C924 /* shine1.mp3 */ = {isa = PBXFileReference; lastKnownFileType = audio.mp3; path = shine1.mp3; sourceTree = "<group>"; };
		5E092238218442EA0080C924 /* flower.png */ = {isa = PBXFileReference; lastKnownFileType = image.png; path = flower.png; sourceTree = "<group>"; };
		5E09223B218444130080C924 /* flowerparticle.sks */ = {isa = PBXFileReference; lastKnownFileType = file.sks; path = flowerparticle.sks; sourceTree = "<group>"; };
		5E09223C218444130080C924 /* Assets.xcassets */ = {isa = PBXFileReference; lastKnownFileType = folder.assetcatalog; path = Assets.xcassets; sourceTree = "<group>"; };
		5E09223F21844A5B0080C924 /* GoogleService-Info.plist */ = {isa = PBXFileReference; fileEncoding = 4; lastKnownFileType = text.plist.xml; path = "GoogleService-Info.plist"; sourceTree = "<group>"; };
		63D60AA82F0507A10D4BC775 /* Pods-InteractibookUITests.release.xcconfig */ = {isa = PBXFileReference; includeInIndex = 1; lastKnownFileType = text.xcconfig; name = "Pods-InteractibookUITests.release.xcconfig"; path = "Pods/Target Support Files/Pods-InteractibookUITests/Pods-InteractibookUITests.release.xcconfig"; sourceTree = "<group>"; };
		81A464118BF429BAACF8A45B /* Pods-Interactibook.debug.xcconfig */ = {isa = PBXFileReference; includeInIndex = 1; lastKnownFileType = text.xcconfig; name = "Pods-Interactibook.debug.xcconfig"; path = "Pods/Target Support Files/Pods-Interactibook/Pods-Interactibook.debug.xcconfig"; sourceTree = "<group>"; };
		875C2AC121847A6F008EDC67 /* Singleton.swift */ = {isa = PBXFileReference; lastKnownFileType = sourcecode.swift; path = Singleton.swift; sourceTree = "<group>"; };
		952B3FA115346BD1AA0BB6A6 /* Pods-InteractibookUITests.debug.xcconfig */ = {isa = PBXFileReference; includeInIndex = 1; lastKnownFileType = text.xcconfig; name = "Pods-InteractibookUITests.debug.xcconfig"; path = "Pods/Target Support Files/Pods-InteractibookUITests/Pods-InteractibookUITests.debug.xcconfig"; sourceTree = "<group>"; };
		A82640FDB80D1A3A5A8E6860 /* Pods-Interactibook.release.xcconfig */ = {isa = PBXFileReference; includeInIndex = 1; lastKnownFileType = text.xcconfig; name = "Pods-Interactibook.release.xcconfig"; path = "Pods/Target Support Files/Pods-Interactibook/Pods-Interactibook.release.xcconfig"; sourceTree = "<group>"; };
		B01A71CFE19C9BC0317C29C9 /* Pods-InteractibookTests.debug.xcconfig */ = {isa = PBXFileReference; includeInIndex = 1; lastKnownFileType = text.xcconfig; name = "Pods-InteractibookTests.debug.xcconfig"; path = "Pods/Target Support Files/Pods-InteractibookTests/Pods-InteractibookTests.debug.xcconfig"; sourceTree = "<group>"; };
		C0DB2374BBBC594043AA2A01 /* Pods_InteractibookTests.framework */ = {isa = PBXFileReference; explicitFileType = wrapper.framework; includeInIndex = 0; path = Pods_InteractibookTests.framework; sourceTree = BUILT_PRODUCTS_DIR; };
		CF74447225468546E0F28BFF /* Pods_InteractibookUITests.framework */ = {isa = PBXFileReference; explicitFileType = wrapper.framework; includeInIndex = 0; path = Pods_InteractibookUITests.framework; sourceTree = BUILT_PRODUCTS_DIR; };
		E6634C8C47F272841633787F /* Pods_Interactibook.framework */ = {isa = PBXFileReference; explicitFileType = wrapper.framework; includeInIndex = 0; path = Pods_Interactibook.framework; sourceTree = BUILT_PRODUCTS_DIR; };
/* End PBXFileReference section */

/* Begin PBXFrameworksBuildPhase section */
		5E0921CB218433B20080C924 /* Frameworks */ = {
			isa = PBXFrameworksBuildPhase;
			buildActionMask = 2147483647;
			files = (
				077854C20F12880759DB9923 /* Pods_Interactibook.framework in Frameworks */,
			);
			runOnlyForDeploymentPostprocessing = 0;
		};
		5E0921DF218433B30080C924 /* Frameworks */ = {
			isa = PBXFrameworksBuildPhase;
			buildActionMask = 2147483647;
			files = (
				118C2F223C745BC603714C52 /* Pods_InteractibookTests.framework in Frameworks */,
			);
			runOnlyForDeploymentPostprocessing = 0;
		};
		5E0921EA218433B30080C924 /* Frameworks */ = {
			isa = PBXFrameworksBuildPhase;
			buildActionMask = 2147483647;
			files = (
				2C9141C6ED0EFE21124B02A1 /* Pods_InteractibookUITests.framework in Frameworks */,
			);
			runOnlyForDeploymentPostprocessing = 0;
		};
/* End PBXFrameworksBuildPhase section */

/* Begin PBXGroup section */
		1A4E3499837A48E99DE10392 /* Frameworks */ = {
			isa = PBXGroup;
			children = (
				E6634C8C47F272841633787F /* Pods_Interactibook.framework */,
				C0DB2374BBBC594043AA2A01 /* Pods_InteractibookTests.framework */,
				CF74447225468546E0F28BFF /* Pods_InteractibookUITests.framework */,
			);
			name = Frameworks;
			sourceTree = "<group>";
		};
		456FB17576B1B6AD4EB8AE82 /* Pods */ = {
			isa = PBXGroup;
			children = (
				81A464118BF429BAACF8A45B /* Pods-Interactibook.debug.xcconfig */,
				A82640FDB80D1A3A5A8E6860 /* Pods-Interactibook.release.xcconfig */,
				B01A71CFE19C9BC0317C29C9 /* Pods-InteractibookTests.debug.xcconfig */,
				34525ADA8EA44D2ADDE118D4 /* Pods-InteractibookTests.release.xcconfig */,
				952B3FA115346BD1AA0BB6A6 /* Pods-InteractibookUITests.debug.xcconfig */,
				63D60AA82F0507A10D4BC775 /* Pods-InteractibookUITests.release.xcconfig */,
			);
			name = Pods;
			sourceTree = "<group>";
		};
		5E0921C5218433B20080C924 = {
			isa = PBXGroup;
			children = (
				5E0921D0218433B20080C924 /* Interactibook */,
				5E0921E5218433B30080C924 /* InteractibookTests */,
				5E0921F0218433B30080C924 /* InteractibookUITests */,
				5E0921CF218433B20080C924 /* Products */,
				456FB17576B1B6AD4EB8AE82 /* Pods */,
				1A4E3499837A48E99DE10392 /* Frameworks */,
			);
			sourceTree = "<group>";
		};
		5E0921CF218433B20080C924 /* Products */ = {
			isa = PBXGroup;
			children = (
				5E0921CE218433B20080C924 /* Interactibook.app */,
				5E0921E2218433B30080C924 /* InteractibookTests.xctest */,
				5E0921ED218433B30080C924 /* InteractibookUITests.xctest */,
			);
			name = Products;
			sourceTree = "<group>";
		};
		5E0921D0218433B20080C924 /* Interactibook */ = {
			isa = PBXGroup;
			children = (
				875C2AC121847A6F008EDC67 /* Singleton.swift */,
				5E0922022184387F0080C924 /* images */,
				5E092201218437BC0080C924 /* WindSunStory */,
				5E0921D1218433B20080C924 /* AppDelegate.swift */,
				5E0921D3218433B20080C924 /* ViewController.swift */,
				5E0921D5218433B20080C924 /* Main.storyboard */,
				5E0921D8218433B30080C924 /* Assets.xcassets */,
				5E0921DA218433B30080C924 /* LaunchScreen.storyboard */,
				5E0921DD218433B30080C924 /* Info.plist */,
				5E09223F21844A5B0080C924 /* GoogleService-Info.plist */,
				5E0921FF218437AA0080C924 /* StoryViewController.swift */,
			);
			path = Interactibook;
			sourceTree = "<group>";
		};
		5E0921E5218433B30080C924 /* InteractibookTests */ = {
			isa = PBXGroup;
			children = (
				5E0921E6218433B30080C924 /* InteractibookTests.swift */,
				5E0921E8218433B30080C924 /* Info.plist */,
			);
			path = InteractibookTests;
			sourceTree = "<group>";
		};
		5E0921F0218433B30080C924 /* InteractibookUITests */ = {
			isa = PBXGroup;
			children = (
				5E0921F1218433B30080C924 /* InteractibookUITests.swift */,
				5E0921F3218433B30080C924 /* Info.plist */,
			);
			path = InteractibookUITests;
			sourceTree = "<group>";
		};
		5E092201218437BC0080C924 /* WindSunStory */ = {
			isa = PBXGroup;
			children = (
				5E0922032184389C0080C924 /* TitleScene.swift */,
				5E092227218441AC0080C924 /* WindSunScene.swift */,
				5E092229218441B90080C924 /* WindScene.swift */,
				5E09222B218441C50080C924 /* SunScene.swift */,
				5E09222D218441D20080C924 /* EndScene.swift */,
				5E09223B218444130080C924 /* flowerparticle.sks */,
				5E09223C218444130080C924 /* Assets.xcassets */,
			);
			path = WindSunStory;
			sourceTree = "<group>";
		};
		5E0922022184387F0080C924 /* images */ = {
			isa = PBXGroup;
			children = (
				5E09220C21843B800080C924 /* cloud.mp3 */,
				5E09220E21843B800080C924 /* cloud.png */,
				5E09220B21843B800080C924 /* haikei1.png */,
				5E09220721843B800080C924 /* haikei2.jpg */,
				5E09220621843B800080C924 /* kusa1.png */,
				5E092238218442EA0080C924 /* flower.png */,
				5E092237218442EA0080C924 /* shine1.mp3 */,
				5E09221D21843C050080C924 /* next.png */,
				5E092232218442A70080C924 /* cold.png */,
				5E092230218442A70080C924 /* hot.png */,
				5E09222F218442A70080C924 /* man_coat.png */,
				5E092231218442A70080C924 /* man_stand.png */,
				5E09220521843B800080C924 /* kusa2.png */,
				5E09220821843B800080C924 /* kusa3.png */,
				5E09220A21843B800080C924 /* man_title.png */,
				5E09220921843B800080C924 /* taiyou.png */,
				5E09220D21843B800080C924 /* title.mp3 */,
				5E09220F21843B800080C924 /* title.png */,
				5E09221021843B800080C924 /* wind.mp3 */,
			);
			path = images;
			sourceTree = "<group>";
		};
/* End PBXGroup section */

/* Begin PBXNativeTarget section */
		5E0921CD218433B20080C924 /* Interactibook */ = {
			isa = PBXNativeTarget;
			buildConfigurationList = 5E0921F6218433B30080C924 /* Build configuration list for PBXNativeTarget "Interactibook" */;
			buildPhases = (
				780E91D31B1E6776A4C94C5C /* [CP] Check Pods Manifest.lock */,
				5E0921CA218433B20080C924 /* Sources */,
				5E0921CB218433B20080C924 /* Frameworks */,
				5E0921CC218433B20080C924 /* Resources */,
				046970BE55B6FA983C0DFB52 /* [CP] Embed Pods Frameworks */,
			);
			buildRules = (
			);
			dependencies = (
			);
			name = Interactibook;
			productName = Interactibook;
			productReference = 5E0921CE218433B20080C924 /* Interactibook.app */;
			productType = "com.apple.product-type.application";
		};
		5E0921E1218433B30080C924 /* InteractibookTests */ = {
			isa = PBXNativeTarget;
			buildConfigurationList = 5E0921F9218433B30080C924 /* Build configuration list for PBXNativeTarget "InteractibookTests" */;
			buildPhases = (
				0D9F9CF5BAD4DEE37EADF381 /* [CP] Check Pods Manifest.lock */,
				5E0921DE218433B30080C924 /* Sources */,
				5E0921DF218433B30080C924 /* Frameworks */,
				5E0921E0218433B30080C924 /* Resources */,
			);
			buildRules = (
			);
			dependencies = (
				5E0921E4218433B30080C924 /* PBXTargetDependency */,
			);
			name = InteractibookTests;
			productName = InteractibookTests;
			productReference = 5E0921E2218433B30080C924 /* InteractibookTests.xctest */;
			productType = "com.apple.product-type.bundle.unit-test";
		};
		5E0921EC218433B30080C924 /* InteractibookUITests */ = {
			isa = PBXNativeTarget;
			buildConfigurationList = 5E0921FC218433B30080C924 /* Build configuration list for PBXNativeTarget "InteractibookUITests" */;
			buildPhases = (
				868F1B1318DF77E10706611E /* [CP] Check Pods Manifest.lock */,
				5E0921E9218433B30080C924 /* Sources */,
				5E0921EA218433B30080C924 /* Frameworks */,
				5E0921EB218433B30080C924 /* Resources */,
			);
			buildRules = (
			);
			dependencies = (
				5E0921EF218433B30080C924 /* PBXTargetDependency */,
			);
			name = InteractibookUITests;
			productName = InteractibookUITests;
			productReference = 5E0921ED218433B30080C924 /* InteractibookUITests.xctest */;
			productType = "com.apple.product-type.bundle.ui-testing";
		};
/* End PBXNativeTarget section */

/* Begin PBXProject section */
		5E0921C6218433B20080C924 /* Project object */ = {
			isa = PBXProject;
			attributes = {
				LastSwiftUpdateCheck = 1000;
				LastUpgradeCheck = 1000;
				ORGANIZATIONNAME = "仲地早司";
				TargetAttributes = {
					5E0921CD218433B20080C924 = {
						CreatedOnToolsVersion = 10.0;
					};
					5E0921E1218433B30080C924 = {
						CreatedOnToolsVersion = 10.0;
						TestTargetID = 5E0921CD218433B20080C924;
					};
					5E0921EC218433B30080C924 = {
						CreatedOnToolsVersion = 10.0;
						TestTargetID = 5E0921CD218433B20080C924;
					};
				};
			};
			buildConfigurationList = 5E0921C9218433B20080C924 /* Build configuration list for PBXProject "Interactibook" */;
			compatibilityVersion = "Xcode 9.3";
			developmentRegion = en;
			hasScannedForEncodings = 0;
			knownRegions = (
				en,
				Base,
			);
			mainGroup = 5E0921C5218433B20080C924;
			productRefGroup = 5E0921CF218433B20080C924 /* Products */;
			projectDirPath = "";
			projectRoot = "";
			targets = (
				5E0921CD218433B20080C924 /* Interactibook */,
				5E0921E1218433B30080C924 /* InteractibookTests */,
				5E0921EC218433B30080C924 /* InteractibookUITests */,
			);
		};
/* End PBXProject section */

/* Begin PBXResourcesBuildPhase section */
		5E0921CC218433B20080C924 /* Resources */ = {
			isa = PBXResourcesBuildPhase;
			buildActionMask = 2147483647;
			files = (
				5E09221521843B800080C924 /* taiyou.png in Resources */,
				5E092236218442A70080C924 /* cold.png in Resources */,
				5E09224021844A5B0080C924 /* GoogleService-Info.plist in Resources */,
				5E0921DC218433B30080C924 /* LaunchScreen.storyboard in Resources */,
				5E092233218442A70080C924 /* man_coat.png in Resources */,
				5E09223A218442EA0080C924 /* flower.png in Resources */,
				5E09221B21843B800080C924 /* title.png in Resources */,
				5E09221721843B800080C924 /* haikei1.png in Resources */,
				5E09221221843B800080C924 /* kusa1.png in Resources */,
				5E09221621843B800080C924 /* man_title.png in Resources */,
				5E09221921843B800080C924 /* title.mp3 in Resources */,
				5E09223D218444130080C924 /* flowerparticle.sks in Resources */,
				5E092235218442A70080C924 /* man_stand.png in Resources */,
				5E0921D9218433B30080C924 /* Assets.xcassets in Resources */,
				5E092234218442A70080C924 /* hot.png in Resources */,
				5E09221421843B800080C924 /* kusa3.png in Resources */,
				5E09221121843B800080C924 /* kusa2.png in Resources */,
				5E09221E21843C050080C924 /* next.png in Resources */,
				5E0921D7218433B20080C924 /* Main.storyboard in Resources */,
				5E09221C21843B800080C924 /* wind.mp3 in Resources */,
				5E09221A21843B800080C924 /* cloud.png in Resources */,
				5E09221321843B800080C924 /* haikei2.jpg in Resources */,
				5E09221821843B800080C924 /* cloud.mp3 in Resources */,
				5E09223E218444130080C924 /* Assets.xcassets in Resources */,
				5E092239218442EA0080C924 /* shine1.mp3 in Resources */,
			);
			runOnlyForDeploymentPostprocessing = 0;
		};
		5E0921E0218433B30080C924 /* Resources */ = {
			isa = PBXResourcesBuildPhase;
			buildActionMask = 2147483647;
			files = (
			);
			runOnlyForDeploymentPostprocessing = 0;
		};
		5E0921EB218433B30080C924 /* Resources */ = {
			isa = PBXResourcesBuildPhase;
			buildActionMask = 2147483647;
			files = (
			);
			runOnlyForDeploymentPostprocessing = 0;
		};
/* End PBXResourcesBuildPhase section */

/* Begin PBXShellScriptBuildPhase section */
		046970BE55B6FA983C0DFB52 /* [CP] Embed Pods Frameworks */ = {
			isa = PBXShellScriptBuildPhase;
			buildActionMask = 2147483647;
			files = (
			);
			inputFileListPaths = (
			);
			inputPaths = (
				"${SRCROOT}/Pods/Target Support Files/Pods-Interactibook/Pods-Interactibook-frameworks.sh",
				"${BUILT_PRODUCTS_DIR}/GoogleUtilities/GoogleUtilities.framework",
				"${BUILT_PRODUCTS_DIR}/leveldb-library/leveldb.framework",
				"${BUILT_PRODUCTS_DIR}/nanopb/nanopb.framework",
			);
			name = "[CP] Embed Pods Frameworks";
			outputFileListPaths = (
			);
			outputPaths = (
				"${TARGET_BUILD_DIR}/${FRAMEWORKS_FOLDER_PATH}/GoogleUtilities.framework",
				"${TARGET_BUILD_DIR}/${FRAMEWORKS_FOLDER_PATH}/leveldb.framework",
				"${TARGET_BUILD_DIR}/${FRAMEWORKS_FOLDER_PATH}/nanopb.framework",
			);
			runOnlyForDeploymentPostprocessing = 0;
			shellPath = /bin/sh;
			shellScript = "\"${SRCROOT}/Pods/Target Support Files/Pods-Interactibook/Pods-Interactibook-frameworks.sh\"\n";
			showEnvVarsInLog = 0;
		};
		0D9F9CF5BAD4DEE37EADF381 /* [CP] Check Pods Manifest.lock */ = {
			isa = PBXShellScriptBuildPhase;
			buildActionMask = 2147483647;
			files = (
			);
			inputFileListPaths = (
			);
			inputPaths = (
				"${PODS_PODFILE_DIR_PATH}/Podfile.lock",
				"${PODS_ROOT}/Manifest.lock",
			);
			name = "[CP] Check Pods Manifest.lock";
			outputFileListPaths = (
			);
			outputPaths = (
				"$(DERIVED_FILE_DIR)/Pods-InteractibookTests-checkManifestLockResult.txt",
			);
			runOnlyForDeploymentPostprocessing = 0;
			shellPath = /bin/sh;
			shellScript = "diff \"${PODS_PODFILE_DIR_PATH}/Podfile.lock\" \"${PODS_ROOT}/Manifest.lock\" > /dev/null\nif [ $? != 0 ] ; then\n    # print error to STDERR\n    echo \"error: The sandbox is not in sync with the Podfile.lock. Run 'pod install' or update your CocoaPods installation.\" >&2\n    exit 1\nfi\n# This output is used by Xcode 'outputs' to avoid re-running this script phase.\necho \"SUCCESS\" > \"${SCRIPT_OUTPUT_FILE_0}\"\n";
			showEnvVarsInLog = 0;
		};
		780E91D31B1E6776A4C94C5C /* [CP] Check Pods Manifest.lock */ = {
			isa = PBXShellScriptBuildPhase;
			buildActionMask = 2147483647;
			files = (
			);
			inputFileListPaths = (
			);
			inputPaths = (
				"${PODS_PODFILE_DIR_PATH}/Podfile.lock",
				"${PODS_ROOT}/Manifest.lock",
			);
			name = "[CP] Check Pods Manifest.lock";
			outputFileListPaths = (
			);
			outputPaths = (
				"$(DERIVED_FILE_DIR)/Pods-Interactibook-checkManifestLockResult.txt",
			);
			runOnlyForDeploymentPostprocessing = 0;
			shellPath = /bin/sh;
			shellScript = "diff \"${PODS_PODFILE_DIR_PATH}/Podfile.lock\" \"${PODS_ROOT}/Manifest.lock\" > /dev/null\nif [ $? != 0 ] ; then\n    # print error to STDERR\n    echo \"error: The sandbox is not in sync with the Podfile.lock. Run 'pod install' or update your CocoaPods installation.\" >&2\n    exit 1\nfi\n# This output is used by Xcode 'outputs' to avoid re-running this script phase.\necho \"SUCCESS\" > \"${SCRIPT_OUTPUT_FILE_0}\"\n";
			showEnvVarsInLog = 0;
		};
		868F1B1318DF77E10706611E /* [CP] Check Pods Manifest.lock */ = {
			isa = PBXShellScriptBuildPhase;
			buildActionMask = 2147483647;
			files = (
			);
			inputFileListPaths = (
			);
			inputPaths = (
				"${PODS_PODFILE_DIR_PATH}/Podfile.lock",
				"${PODS_ROOT}/Manifest.lock",
			);
			name = "[CP] Check Pods Manifest.lock";
			outputFileListPaths = (
			);
			outputPaths = (
				"$(DERIVED_FILE_DIR)/Pods-InteractibookUITests-checkManifestLockResult.txt",
			);
			runOnlyForDeploymentPostprocessing = 0;
			shellPath = /bin/sh;
			shellScript = "diff \"${PODS_PODFILE_DIR_PATH}/Podfile.lock\" \"${PODS_ROOT}/Manifest.lock\" > /dev/null\nif [ $? != 0 ] ; then\n    # print error to STDERR\n    echo \"error: The sandbox is not in sync with the Podfile.lock. Run 'pod install' or update your CocoaPods installation.\" >&2\n    exit 1\nfi\n# This output is used by Xcode 'outputs' to avoid re-running this script phase.\necho \"SUCCESS\" > \"${SCRIPT_OUTPUT_FILE_0}\"\n";
			showEnvVarsInLog = 0;
		};
/* End PBXShellScriptBuildPhase section */

/* Begin PBXSourcesBuildPhase section */
		5E0921CA218433B20080C924 /* Sources */ = {
			isa = PBXSourcesBuildPhase;
			buildActionMask = 2147483647;
			files = (
				5E092200218437AA0080C924 /* StoryViewController.swift in Sources */,
				875C2AC221847A6F008EDC67 /* Singleton.swift in Sources */,
				5E0921D4218433B20080C924 /* ViewController.swift in Sources */,
				5E092228218441AC0080C924 /* WindSunScene.swift in Sources */,
				5E09222A218441B90080C924 /* WindScene.swift in Sources */,
				5E09222E218441D20080C924 /* EndScene.swift in Sources */,
				5E0921D2218433B20080C924 /* AppDelegate.swift in Sources */,
				5E09222C218441C50080C924 /* SunScene.swift in Sources */,
				5E0922042184389C0080C924 /* TitleScene.swift in Sources */,
			);
			runOnlyForDeploymentPostprocessing = 0;
		};
		5E0921DE218433B30080C924 /* Sources */ = {
			isa = PBXSourcesBuildPhase;
			buildActionMask = 2147483647;
			files = (
				5E0921E7218433B30080C924 /* InteractibookTests.swift in Sources */,
			);
			runOnlyForDeploymentPostprocessing = 0;
		};
		5E0921E9218433B30080C924 /* Sources */ = {
			isa = PBXSourcesBuildPhase;
			buildActionMask = 2147483647;
			files = (
				5E0921F2218433B30080C924 /* InteractibookUITests.swift in Sources */,
			);
			runOnlyForDeploymentPostprocessing = 0;
		};
/* End PBXSourcesBuildPhase section */

/* Begin PBXTargetDependency section */
		5E0921E4218433B30080C924 /* PBXTargetDependency */ = {
			isa = PBXTargetDependency;
			target = 5E0921CD218433B20080C924 /* Interactibook */;
			targetProxy = 5E0921E3218433B30080C924 /* PBXContainerItemProxy */;
		};
		5E0921EF218433B30080C924 /* PBXTargetDependency */ = {
			isa = PBXTargetDependency;
			target = 5E0921CD218433B20080C924 /* Interactibook */;
			targetProxy = 5E0921EE218433B30080C924 /* PBXContainerItemProxy */;
		};
/* End PBXTargetDependency section */

/* Begin PBXVariantGroup section */
		5E0921D5218433B20080C924 /* Main.storyboard */ = {
			isa = PBXVariantGroup;
			children = (
				5E0921D6218433B20080C924 /* Base */,
			);
			name = Main.storyboard;
			sourceTree = "<group>";
		};
		5E0921DA218433B30080C924 /* LaunchScreen.storyboard */ = {
			isa = PBXVariantGroup;
			children = (
				5E0921DB218433B30080C924 /* Base */,
			);
			name = LaunchScreen.storyboard;
			sourceTree = "<group>";
		};
/* End PBXVariantGroup section */

/* Begin XCBuildConfiguration section */
		5E0921F4218433B30080C924 /* Debug */ = {
			isa = XCBuildConfiguration;
			buildSettings = {
				ALWAYS_SEARCH_USER_PATHS = NO;
				CLANG_ANALYZER_NONNULL = YES;
				CLANG_ANALYZER_NUMBER_OBJECT_CONVERSION = YES_AGGRESSIVE;
				CLANG_CXX_LANGUAGE_STANDARD = "gnu++14";
				CLANG_CXX_LIBRARY = "libc++";
				CLANG_ENABLE_MODULES = YES;
				CLANG_ENABLE_OBJC_ARC = YES;
				CLANG_ENABLE_OBJC_WEAK = YES;
				CLANG_WARN_BLOCK_CAPTURE_AUTORELEASING = YES;
				CLANG_WARN_BOOL_CONVERSION = YES;
				CLANG_WARN_COMMA = YES;
				CLANG_WARN_CONSTANT_CONVERSION = YES;
				CLANG_WARN_DEPRECATED_OBJC_IMPLEMENTATIONS = YES;
				CLANG_WARN_DIRECT_OBJC_ISA_USAGE = YES_ERROR;
				CLANG_WARN_DOCUMENTATION_COMMENTS = YES;
				CLANG_WARN_EMPTY_BODY = YES;
				CLANG_WARN_ENUM_CONVERSION = YES;
				CLANG_WARN_INFINITE_RECURSION = YES;
				CLANG_WARN_INT_CONVERSION = YES;
				CLANG_WARN_NON_LITERAL_NULL_CONVERSION = YES;
				CLANG_WARN_OBJC_IMPLICIT_RETAIN_SELF = YES;
				CLANG_WARN_OBJC_LITERAL_CONVERSION = YES;
				CLANG_WARN_OBJC_ROOT_CLASS = YES_ERROR;
				CLANG_WARN_RANGE_LOOP_ANALYSIS = YES;
				CLANG_WARN_STRICT_PROTOTYPES = YES;
				CLANG_WARN_SUSPICIOUS_MOVE = YES;
				CLANG_WARN_UNGUARDED_AVAILABILITY = YES_AGGRESSIVE;
				CLANG_WARN_UNREACHABLE_CODE = YES;
				CLANG_WARN__DUPLICATE_METHOD_MATCH = YES;
				CODE_SIGN_IDENTITY = "iPhone Developer";
				COPY_PHASE_STRIP = NO;
				DEBUG_INFORMATION_FORMAT = dwarf;
				ENABLE_STRICT_OBJC_MSGSEND = YES;
				ENABLE_TESTABILITY = YES;
				GCC_C_LANGUAGE_STANDARD = gnu11;
				GCC_DYNAMIC_NO_PIC = NO;
				GCC_NO_COMMON_BLOCKS = YES;
				GCC_OPTIMIZATION_LEVEL = 0;
				GCC_PREPROCESSOR_DEFINITIONS = (
					"DEBUG=1",
					"$(inherited)",
				);
				GCC_WARN_64_TO_32_BIT_CONVERSION = YES;
				GCC_WARN_ABOUT_RETURN_TYPE = YES_ERROR;
				GCC_WARN_UNDECLARED_SELECTOR = YES;
				GCC_WARN_UNINITIALIZED_AUTOS = YES_AGGRESSIVE;
				GCC_WARN_UNUSED_FUNCTION = YES;
				GCC_WARN_UNUSED_VARIABLE = YES;
				IPHONEOS_DEPLOYMENT_TARGET = 12.0;
				MTL_ENABLE_DEBUG_INFO = INCLUDE_SOURCE;
				MTL_FAST_MATH = YES;
				ONLY_ACTIVE_ARCH = YES;
				SDKROOT = iphoneos;
				SWIFT_ACTIVE_COMPILATION_CONDITIONS = DEBUG;
				SWIFT_OPTIMIZATION_LEVEL = "-Onone";
			};
			name = Debug;
		};
		5E0921F5218433B30080C924 /* Release */ = {
			isa = XCBuildConfiguration;
			buildSettings = {
				ALWAYS_SEARCH_USER_PATHS = NO;
				CLANG_ANALYZER_NONNULL = YES;
				CLANG_ANALYZER_NUMBER_OBJECT_CONVERSION = YES_AGGRESSIVE;
				CLANG_CXX_LANGUAGE_STANDARD = "gnu++14";
				CLANG_CXX_LIBRARY = "libc++";
				CLANG_ENABLE_MODULES = YES;
				CLANG_ENABLE_OBJC_ARC = YES;
				CLANG_ENABLE_OBJC_WEAK = YES;
				CLANG_WARN_BLOCK_CAPTURE_AUTORELEASING = YES;
				CLANG_WARN_BOOL_CONVERSION = YES;
				CLANG_WARN_COMMA = YES;
				CLANG_WARN_CONSTANT_CONVERSION = YES;
				CLANG_WARN_DEPRECATED_OBJC_IMPLEMENTATIONS = YES;
				CLANG_WARN_DIRECT_OBJC_ISA_USAGE = YES_ERROR;
				CLANG_WARN_DOCUMENTATION_COMMENTS = YES;
				CLANG_WARN_EMPTY_BODY = YES;
				CLANG_WARN_ENUM_CONVERSION = YES;
				CLANG_WARN_INFINITE_RECURSION = YES;
				CLANG_WARN_INT_CONVERSION = YES;
				CLANG_WARN_NON_LITERAL_NULL_CONVERSION = YES;
				CLANG_WARN_OBJC_IMPLICIT_RETAIN_SELF = YES;
				CLANG_WARN_OBJC_LITERAL_CONVERSION = YES;
				CLANG_WARN_OBJC_ROOT_CLASS = YES_ERROR;
				CLANG_WARN_RANGE_LOOP_ANALYSIS = YES;
				CLANG_WARN_STRICT_PROTOTYPES = YES;
				CLANG_WARN_SUSPICIOUS_MOVE = YES;
				CLANG_WARN_UNGUARDED_AVAILABILITY = YES_AGGRESSIVE;
				CLANG_WARN_UNREACHABLE_CODE = YES;
				CLANG_WARN__DUPLICATE_METHOD_MATCH = YES;
				CODE_SIGN_IDENTITY = "iPhone Developer";
				COPY_PHASE_STRIP = NO;
				DEBUG_INFORMATION_FORMAT = "dwarf-with-dsym";
				ENABLE_NS_ASSERTIONS = NO;
				ENABLE_STRICT_OBJC_MSGSEND = YES;
				GCC_C_LANGUAGE_STANDARD = gnu11;
				GCC_NO_COMMON_BLOCKS = YES;
				GCC_WARN_64_TO_32_BIT_CONVERSION = YES;
				GCC_WARN_ABOUT_RETURN_TYPE = YES_ERROR;
				GCC_WARN_UNDECLARED_SELECTOR = YES;
				GCC_WARN_UNINITIALIZED_AUTOS = YES_AGGRESSIVE;
				GCC_WARN_UNUSED_FUNCTION = YES;
				GCC_WARN_UNUSED_VARIABLE = YES;
				IPHONEOS_DEPLOYMENT_TARGET = 12.0;
				MTL_ENABLE_DEBUG_INFO = NO;
				MTL_FAST_MATH = YES;
				SDKROOT = iphoneos;
				SWIFT_COMPILATION_MODE = wholemodule;
				SWIFT_OPTIMIZATION_LEVEL = "-O";
				VALIDATE_PRODUCT = YES;
			};
			name = Release;
		};
		5E0921F7218433B30080C924 /* Debug */ = {
			isa = XCBuildConfiguration;
			baseConfigurationReference = 81A464118BF429BAACF8A45B /* Pods-Interactibook.debug.xcconfig */;
			buildSettings = {
				ASSETCATALOG_COMPILER_APPICON_NAME = AppIcon;
				CODE_SIGN_STYLE = Automatic;
				DEVELOPMENT_TEAM = 7BY6EQSAW4;
				INFOPLIST_FILE = Interactibook/Info.plist;
				LD_RUNPATH_SEARCH_PATHS = (
					"$(inherited)",
					"@executable_path/Frameworks",
				);
				PRODUCT_BUNDLE_IDENTIFIER = "com.tokulab.Interactibook-1028";
				PRODUCT_NAME = "$(TARGET_NAME)";
				SWIFT_VERSION = 4.2;
				TARGETED_DEVICE_FAMILY = 2;
			};
			name = Debug;
		};
		5E0921F8218433B30080C924 /* Release */ = {
			isa = XCBuildConfiguration;
			baseConfigurationReference = A82640FDB80D1A3A5A8E6860 /* Pods-Interactibook.release.xcconfig */;
			buildSettings = {
				ASSETCATALOG_COMPILER_APPICON_NAME = AppIcon;
				CODE_SIGN_STYLE = Automatic;
				DEVELOPMENT_TEAM = 7BY6EQSAW4;
				INFOPLIST_FILE = Interactibook/Info.plist;
				LD_RUNPATH_SEARCH_PATHS = (
					"$(inherited)",
					"@executable_path/Frameworks",
				);
				PRODUCT_BUNDLE_IDENTIFIER = "com.tokulab.Interactibook-1028";
				PRODUCT_NAME = "$(TARGET_NAME)";
				SWIFT_VERSION = 4.2;
				TARGETED_DEVICE_FAMILY = 2;
			};
			name = Release;
		};
		5E0921FA218433B30080C924 /* Debug */ = {
			isa = XCBuildConfiguration;
			baseConfigurationReference = B01A71CFE19C9BC0317C29C9 /* Pods-InteractibookTests.debug.xcconfig */;
			buildSettings = {
				ALWAYS_EMBED_SWIFT_STANDARD_LIBRARIES = YES;
				BUNDLE_LOADER = "$(TEST_HOST)";
				CODE_SIGN_STYLE = Automatic;
				INFOPLIST_FILE = InteractibookTests/Info.plist;
				LD_RUNPATH_SEARCH_PATHS = (
					"$(inherited)",
					"@executable_path/Frameworks",
					"@loader_path/Frameworks",
				);
				PRODUCT_BUNDLE_IDENTIFIER = com.tokulab.InteractibookTests;
				PRODUCT_NAME = "$(TARGET_NAME)";
				SWIFT_VERSION = 4.2;
				TARGETED_DEVICE_FAMILY = "1,2";
				TEST_HOST = "$(BUILT_PRODUCTS_DIR)/Interactibook.app/Interactibook";
			};
			name = Debug;
		};
		5E0921FB218433B30080C924 /* Release */ = {
			isa = XCBuildConfiguration;
			baseConfigurationReference = 34525ADA8EA44D2ADDE118D4 /* Pods-InteractibookTests.release.xcconfig */;
			buildSettings = {
				ALWAYS_EMBED_SWIFT_STANDARD_LIBRARIES = YES;
				BUNDLE_LOADER = "$(TEST_HOST)";
				CODE_SIGN_STYLE = Automatic;
				INFOPLIST_FILE = InteractibookTests/Info.plist;
				LD_RUNPATH_SEARCH_PATHS = (
					"$(inherited)",
					"@executable_path/Frameworks",
					"@loader_path/Frameworks",
				);
				PRODUCT_BUNDLE_IDENTIFIER = com.tokulab.InteractibookTests;
				PRODUCT_NAME = "$(TARGET_NAME)";
				SWIFT_VERSION = 4.2;
				TARGETED_DEVICE_FAMILY = "1,2";
				TEST_HOST = "$(BUILT_PRODUCTS_DIR)/Interactibook.app/Interactibook";
			};
			name = Release;
		};
		5E0921FD218433B30080C924 /* Debug */ = {
			isa = XCBuildConfiguration;
			baseConfigurationReference = 952B3FA115346BD1AA0BB6A6 /* Pods-InteractibookUITests.debug.xcconfig */;
			buildSettings = {
				ALWAYS_EMBED_SWIFT_STANDARD_LIBRARIES = YES;
				CODE_SIGN_STYLE = Automatic;
				INFOPLIST_FILE = InteractibookUITests/Info.plist;
				LD_RUNPATH_SEARCH_PATHS = (
					"$(inherited)",
					"@executable_path/Frameworks",
					"@loader_path/Frameworks",
				);
				PRODUCT_BUNDLE_IDENTIFIER = com.tokulab.InteractibookUITests;
				PRODUCT_NAME = "$(TARGET_NAME)";
				SWIFT_VERSION = 4.2;
				TARGETED_DEVICE_FAMILY = "1,2";
				TEST_TARGET_NAME = Interactibook;
			};
			name = Debug;
		};
		5E0921FE218433B30080C924 /* Release */ = {
			isa = XCBuildConfiguration;
			baseConfigurationReference = 63D60AA82F0507A10D4BC775 /* Pods-InteractibookUITests.release.xcconfig */;
			buildSettings = {
				ALWAYS_EMBED_SWIFT_STANDARD_LIBRARIES = YES;
				CODE_SIGN_STYLE = Automatic;
				INFOPLIST_FILE = InteractibookUITests/Info.plist;
				LD_RUNPATH_SEARCH_PATHS = (
					"$(inherited)",
					"@executable_path/Frameworks",
					"@loader_path/Frameworks",
				);
				PRODUCT_BUNDLE_IDENTIFIER = com.tokulab.InteractibookUITests;
				PRODUCT_NAME = "$(TARGET_NAME)";
				SWIFT_VERSION = 4.2;
				TARGETED_DEVICE_FAMILY = "1,2";
				TEST_TARGET_NAME = Interactibook;
			};
			name = Release;
		};
/* End XCBuildConfiguration section */

/* Begin XCConfigurationList section */
		5E0921C9218433B20080C924 /* Build configuration list for PBXProject "Interactibook" */ = {
			isa = XCConfigurationList;
			buildConfigurations = (
				5E0921F4218433B30080C924 /* Debug */,
				5E0921F5218433B30080C924 /* Release */,
			);
			defaultConfigurationIsVisible = 0;
			defaultConfigurationName = Release;
		};
		5E0921F6218433B30080C924 /* Build configuration list for PBXNativeTarget "Interactibook" */ = {
			isa = XCConfigurationList;
			buildConfigurations = (
				5E0921F7218433B30080C924 /* Debug */,
				5E0921F8218433B30080C924 /* Release */,
			);
			defaultConfigurationIsVisible = 0;
			defaultConfigurationName = Release;
		};
		5E0921F9218433B30080C924 /* Build configuration list for PBXNativeTarget "InteractibookTests" */ = {
			isa = XCConfigurationList;
			buildConfigurations = (
				5E0921FA218433B30080C924 /* Debug */,
				5E0921FB218433B30080C924 /* Release */,
			);
			defaultConfigurationIsVisible = 0;
			defaultConfigurationName = Release;
		};
		5E0921FC218433B30080C924 /* Build configuration list for PBXNativeTarget "InteractibookUITests" */ = {
			isa = XCConfigurationList;
			buildConfigurations = (
				5E0921FD218433B30080C924 /* Debug */,
				5E0921FE218433B30080C924 /* Release */,
			);
			defaultConfigurationIsVisible = 0;
			defaultConfigurationName = Release;
		};
/* End XCConfigurationList section */
	};
	rootObject = 5E0921C6218433B20080C924 /* Project object */;
}
